
Microsoft Visual Studio Solution File, Format Version 12.00
# Visual Studio 2013
VisualStudioVersion = 12.0.21005.1
MinimumVisualStudioVersion = 10.0.40219.1
Project("{FAE04EC0-301F-11D3-BF4B-00C04F79EFBC}") = "InnoSampleApp", "InnoSampleApp.csproj", "{20379C2A-A42E-4536-8C73-FE81F7FE609E}"
EndProject
Project("{FAE04EC0-301F-11D3-BF4B-00C04F79EFBC}") = "TestComponent", "..\TestComponent\TestComponent.csproj", "{83505786-813B-4C90-9AA5-FFC49E987481}"
EndProject
Global
	GlobalSection(SolutionConfigurationPlatforms) = preSolution
		Debug|Any CPU = Debug|Any CPU
		Release|Any CPU = Release|Any CPU
	EndGlobalSection
	GlobalSection(ProjectConfigurationPlatforms) = postSolution
		{20379C2A-A42E-4536-8C73-FE81F7FE609E}.Debug|Any CPU.ActiveCfg = Debug|Any CPU
		{20379C2A-A42E-4536-8C73-FE81F7FE609E}.Debug|Any CPU.Build.0 = Debug|Any CPU
		{20379C2A-A42E-4536-8C73-FE81F7FE609E}.Release|Any CPU.ActiveCfg = Release|Any CPU
		{20379C2A-A42E-4536-8C73-FE81F7FE609E}.Release|Any CPU.Build.0 = Release|Any CPU
		{83505786-813B-4C90-9AA5-FFC49E987481}.Debug|Any CPU.ActiveCfg = Debug|Any CPU
		{83505786-813B-4C90-9AA5-FFC49E987481}.Debug|Any CPU.Build.0 = Debug|Any CPU
		{83505786-813B-4C90-9AA5-FFC49E987481}.Release|Any CPU.ActiveCfg = Release|Any CPU
		{83505786-813B-4C90-9AA5-FFC49E987481}.Release|Any CPU.Build.0 = Release|Any CPU
	EndGlobalSection
	GlobalSection(SolutionProperties) = preSolution
		HideSolutionNode = FALSE
	EndGlobalSection
EndGlobal
